<?xml version="1.0" encoding="utf-8"?>
<Project ToolsVersion="4.0" xmlns="http://schemas.microsoft.com/developer/msbuild/2003">
  <ItemGroup>
    <Filter Include="Quelldateien">
      <UniqueIdentifier>{4FC737F1-C7A5-4376-A066-2A32D752A2FF}</UniqueIdentifier>
      <Extensions>cpp;c;cc;cxx;c++;cppm;ixx;def;odl;idl;hpj;bat;asm;asmx</Extensions>
    </Filter>
    <Filter Include="Headerdateien">
      <UniqueIdentifier>{93995380-89BD-4b04-88EB-625FBE52EBFB}</UniqueIdentifier>
      <Extensions>h;hh;hpp;hxx;h++;hm;inl;inc;ipp;xsd</Extensions>
    </Filter>
    <Filter Include="Ressourcendateien">
      <UniqueIdentifier>{67DA6AB6-F800-4c08-8B7A-83BB121AAD01}</UniqueIdentifier>
      <Extensions>rc;ico;cur;bmp;dlg;rc2;rct;bin;rgs;gif;jpg;jpeg;jpe;resx;tiff;tif;png;wav;mfcribbon-ms</Extensions>
    </Filter>
  </ItemGroup>
  <ItemGroup>
    <ClCompile Include="main.cpp">
      <Filter>Quelldateien</Filter>
    </ClCompile>
    <ClCompile Include="randomNumber.cpp">
      <Filter>Quelldateien</Filter>
    </ClCompile>
    <ClCompile Include="res_path.cpp">
      <Filter>Quelldateien</Filter>
    </ClCompile>
    <ClCompile Include="cleanup.cpp">
      <Filter>Quelldateien</Filter>
    </ClCompile>
    <ClCompile Include="drawing_functions.cpp">
      <Filter>Quelldateien</Filter>
    </ClCompile>
    <ClCompile Include="Globale.cpp">
      <Filter>Quelldateien</Filter>
    </ClCompile>
    <ClCompile Include="timeControl.cpp">
      <Filter>Quelldateien</Filter>
    </ClCompile>
    <ClCompile Include="frame.cpp">
      <Filter>Quelldateien</Filter>
    </ClCompile>
    <ClCompile Include="Animation.cpp">
      <Filter>Quelldateien</Filter>
    </ClCompile>
    <ClCompile Include="AnimationSet.cpp">
      <Filter>Quelldateien</Filter>
    </ClCompile>
    <ClCompile Include="bigentity.cpp">
      <Filter>Quelldateien</Filter>
    </ClCompile>
    <ClCompile Include="LebeEntity.cpp">
      <Filter>Quelldateien</Filter>
    </ClCompile>
    <ClCompile Include="Princess.cpp">
      <Filter>Quelldateien</Filter>
    </ClCompile>
    <ClCompile Include="TastaturEIngabe.cpp">
      <Filter>Quelldateien</Filter>
    </ClCompile>
    <ClCompile Include="Wand.cpp">
      <Filter>Quelldateien</Filter>
    </ClCompile>
    <ClCompile Include="PrincessQuestSpiel.cpp">
      <Filter>Quelldateien</Filter>
    </ClCompile>
    <ClCompile Include="groupBuilder.cpp">
      <Filter>Quelldateien</Filter>
    </ClCompile>
    <ClCompile Include="Monster.cpp">
      <Filter>Quelldateien</Filter>
    </ClCompile>
  </ItemGroup>
  <ItemGroup>
    <ClInclude Include="cleanup.h">
      <Filter>Headerdateien</Filter>
    </ClInclude>
    <ClInclude Include="drawing_functions.h">
      <Filter>Headerdateien</Filter>
    </ClInclude>
    <ClInclude Include="randomNumber.h">
      <Filter>Headerdateien</Filter>
    </ClInclude>
    <ClInclude Include="res_path.h">
      <Filter>Headerdateien</Filter>
    </ClInclude>
    <ClInclude Include="Globale.h">
      <Filter>Headerdateien</Filter>
    </ClInclude>
    <ClInclude Include="timeControl.h">
      <Filter>Headerdateien</Filter>
    </ClInclude>
    <ClInclude Include="..\..\..\..\..\..\..\Downloads\data+groups+code\dataGroupType.h">
      <Filter>Headerdateien</Filter>
    </ClInclude>
    <ClInclude Include="..\..\..\..\..\..\..\Downloads\data+groups+code\group.h">
      <Filter>Headerdateien</Filter>
    </ClInclude>
    <ClInclude Include="..\..\..\..\..\..\..\Downloads\data+groups+code\groupBox.h">
      <Filter>Headerdateien</Filter>
    </ClInclude>
    <ClInclude Include="..\..\..\..\..\..\..\Downloads\data+groups+code\groupNumber.h">
      <Filter>Headerdateien</Filter>
    </ClInclude>
    <ClInclude Include="..\..\..\..\..\..\..\Downloads\data+groups+code\groupPosition.h">
      <Filter>Headerdateien</Filter>
    </ClInclude>
    <ClInclude Include="..\..\..\..\..\..\..\Downloads\data+groups+code\groupString.h">
      <Filter>Headerdateien</Filter>
    </ClInclude>
    <ClInclude Include="Frame.h">
      <Filter>Headerdateien</Filter>
    </ClInclude>
    <ClInclude Include="AnimationSet.h">
      <Filter>Headerdateien</Filter>
    </ClInclude>
    <ClInclude Include="bigentity.h">
      <Filter>Headerdateien</Filter>
    </ClInclude>
    <ClInclude Include="Animation.h">
      <Filter>Headerdateien</Filter>
    </ClInclude>
    <ClInclude Include="LebeEntity.h">
      <Filter>Headerdateien</Filter>
    </ClInclude>
    <ClInclude Include="Princess.h">
      <Filter>Headerdateien</Filter>
    </ClInclude>
    <ClInclude Include="TastaturEingabe.h">
      <Filter>Headerdateien</Filter>
    </ClInclude>
    <ClInclude Include="Wand.h">
      <Filter>Headerdateien</Filter>
    </ClInclude>
    <ClInclude Include="PrincessQuestSpiel.h">
      <Filter>Headerdateien</Filter>
    </ClInclude>
    <ClInclude Include="groupBuilder.h">
      <Filter>Headerdateien</Filter>
    </ClInclude>
    <ClInclude Include="Kollision.h">
      <Filter>Headerdateien</Filter>
    </ClInclude>
  </ItemGroup>
  <ItemGroup>
    <None Include="ClassDiagram.cd" />
  </ItemGroup>
</Project>